
Microsoft Visual Studio Solution File, Format Version 12.00
# Visual Studio Version 16
VisualStudioVersion = 16.0.29009.5
MinimumVisualStudioVersion = 10.0.40219.1
Project("{FAE04EC0-301F-11D3-BF4B-00C04F79EFBC}") = "DentalSystem", "DentalSystem\DentalSystem.csproj", "{6418A504-3848-4DF3-A089-20EC9D54C38D}"
EndProject
Project("{FAE04EC0-301F-11D3-BF4B-00C04F79EFBC}") = "DentalSystem.BL", "DentalSystem.Services\DentalSystem.BL.csproj", "{109334C9-6A2F-4228-A294-03F0B5F753B8}"
EndProject
Project("{FAE04EC0-301F-11D3-BF4B-00C04F79EFBC}") = "DentalSystem.Repositories", "DentalSystem.Repositories\DentalSystem.Repositories.csproj", "{55E7DFB5-9B24-4972-B089-6DAE3A91F236}"
EndProject
Project("{FAE04EC0-301F-11D3-BF4B-00C04F79EFBC}") = "DentalSystem.Entities", "DentalSystem.Entities\DentalSystem.Entities.csproj", "{F51736F3-80E8-443D-AF96-FF81FF0A1411}"
EndProject
Project("{FAE04EC0-301F-11D3-BF4B-00C04F79EFBC}") = "DentalSystem.Contract.Repositories", "DentalSystem.Contract.Repositories\DentalSystem.Contract.Repositories.csproj", "{640CDC16-9FE8-4A1A-A9F8-488E7FFF3F30}"
EndProject
Project("{FAE04EC0-301F-11D3-BF4B-00C04F79EFBC}") = "DentalSystem.Contract.Services", "DentalSystem.Contract.Services\DentalSystem.Contract.Services.csproj", "{28CEFB78-CF2B-4361-AF90-249D8C537D9E}"
EndProject
Project("{54435603-DBB4-11D2-8724-00A0C9A8B90C}") = "Setup", "Setup\Setup.vdproj", "{8735024E-0EF5-4C7E-8B38-2B396C800370}"
EndProject
Global
	GlobalSection(SolutionConfigurationPlatforms) = preSolution
		Debug|Any CPU = Debug|Any CPU
		Release|Any CPU = Release|Any CPU
	EndGlobalSection
	GlobalSection(ProjectConfigurationPlatforms) = postSolution
		{6418A504-3848-4DF3-A089-20EC9D54C38D}.Debug|Any CPU.ActiveCfg = Debug|Any CPU
		{6418A504-3848-4DF3-A089-20EC9D54C38D}.Debug|Any CPU.Build.0 = Debug|Any CPU
		{6418A504-3848-4DF3-A089-20EC9D54C38D}.Release|Any CPU.ActiveCfg = Release|Any CPU
		{6418A504-3848-4DF3-A089-20EC9D54C38D}.Release|Any CPU.Build.0 = Release|Any CPU
		{109334C9-6A2F-4228-A294-03F0B5F753B8}.Debug|Any CPU.ActiveCfg = Debug|Any CPU
		{109334C9-6A2F-4228-A294-03F0B5F753B8}.Debug|Any CPU.Build.0 = Debug|Any CPU
		{109334C9-6A2F-4228-A294-03F0B5F753B8}.Release|Any CPU.ActiveCfg = Release|Any CPU
		{109334C9-6A2F-4228-A294-03F0B5F753B8}.Release|Any CPU.Build.0 = Release|Any CPU
		{55E7DFB5-9B24-4972-B089-6DAE3A91F236}.Debug|Any CPU.ActiveCfg = Debug|Any CPU
		{55E7DFB5-9B24-4972-B089-6DAE3A91F236}.Debug|Any CPU.Build.0 = Debug|Any CPU
		{55E7DFB5-9B24-4972-B089-6DAE3A91F236}.Release|Any CPU.ActiveCfg = Release|Any CPU
		{55E7DFB5-9B24-4972-B089-6DAE3A91F236}.Release|Any CPU.Build.0 = Release|Any CPU
		{F51736F3-80E8-443D-AF96-FF81FF0A1411}.Debug|Any CPU.ActiveCfg = Debug|Any CPU
		{F51736F3-80E8-443D-AF96-FF81FF0A1411}.Debug|Any CPU.Build.0 = Debug|Any CPU
		{F51736F3-80E8-443D-AF96-FF81FF0A1411}.Release|Any CPU.ActiveCfg = Release|Any CPU
		{F51736F3-80E8-443D-AF96-FF81FF0A1411}.Release|Any CPU.Build.0 = Release|Any CPU
		{640CDC16-9FE8-4A1A-A9F8-488E7FFF3F30}.Debug|Any CPU.ActiveCfg = Debug|Any CPU
		{640CDC16-9FE8-4A1A-A9F8-488E7FFF3F30}.Debug|Any CPU.Build.0 = Debug|Any CPU
		{640CDC16-9FE8-4A1A-A9F8-488E7FFF3F30}.Release|Any CPU.ActiveCfg = Release|Any CPU
		{640CDC16-9FE8-4A1A-A9F8-488E7FFF3F30}.Release|Any CPU.Build.0 = Release|Any CPU
		{28CEFB78-CF2B-4361-AF90-249D8C537D9E}.Debug|Any CPU.ActiveCfg = Debug|Any CPU
		{28CEFB78-CF2B-4361-AF90-249D8C537D9E}.Debug|Any CPU.Build.0 = Debug|Any CPU
		{28CEFB78-CF2B-4361-AF90-249D8C537D9E}.Release|Any CPU.ActiveCfg = Release|Any CPU
		{28CEFB78-CF2B-4361-AF90-249D8C537D9E}.Release|Any CPU.Build.0 = Release|Any CPU
		{8735024E-0EF5-4C7E-8B38-2B396C800370}.Debug|Any CPU.ActiveCfg = Debug
		{8735024E-0EF5-4C7E-8B38-2B396C800370}.Release|Any CPU.ActiveCfg = Release
	EndGlobalSection
	GlobalSection(SolutionProperties) = preSolution
		HideSolutionNode = FALSE
	EndGlobalSection
	GlobalSection(ExtensibilityGlobals) = postSolution
		SolutionGuid = {0D35603B-DF7E-4364-9926-FAE4456464AD}
	EndGlobalSection
EndGlobal
